dependencies:
- name: redis
  repository: file://charts/redis
  version: 0.0.1
- name: prometheus
  repository: https://prometheus-community.github.io/helm-charts
  version: 15.12.0
- name: cert-manager
  repository: https://charts.jetstack.io
  version: v1.9.1
- name: prometheus-redis-exporter
  repository: file://charts/prometheus-redis-exporter
  version: 5.0.0
digest: sha256:166f68c46e961894cff3dcc8c3d6a46ce989140bbe69c422f619867428603ca5
generated: "2022-09-09T11:13:24.835822916-07:00"
